// !$*UTF8*$!
{
	archiveVersion = 1;
	classes = {
	};
	objectVersion = 46;
	objects = {

/* Begin PBXBuildFile section */
		C5ABC89D1B36757C00153B48 /* main.m in Sources */ = {isa = PBXBuildFile; fileRef = C5ABC89C1B36757C00153B48 /* main.m */; };
		C5ABC8A01B36757C00153B48 /* AppDelegate.m in Sources */ = {isa = PBXBuildFile; fileRef = C5ABC89F1B36757C00153B48 /* AppDelegate.m */; };
		C5ABC8A31B36757C00153B48 /* ViewController.m in Sources */ = {isa = PBXBuildFile; fileRef = C5ABC8A21B36757C00153B48 /* ViewController.m */; };
		C5ABC8A61B36757C00153B48 /* Main.storyboard in Resources */ = {isa = PBXBuildFile; fileRef = C5ABC8A41B36757C00153B48 /* Main.storyboard */; };
		C5ABC8A81B36757C00153B48 /* Assets.xcassets in Resources */ = {isa = PBXBuildFile; fileRef = C5ABC8A71B36757C00153B48 /* Assets.xcassets */; };
		C5ABC8AB1B36757C00153B48 /* LaunchScreen.storyboard in Resources */ = {isa = PBXBuildFile; fileRef = C5ABC8A91B36757C00153B48 /* LaunchScreen.storyboard */; };
		C5ABC8B61B36757C00153B48 /* SampleApp2Tests.m in Sources */ = {isa = PBXBuildFile; fileRef = C5ABC8B51B36757C00153B48 /* SampleApp2Tests.m */; };
		C5ABC8C11B36757C00153B48 /* SampleApp2UITests.m in Sources */ = {isa = PBXBuildFile; fileRef = C5ABC8C01B36757C00153B48 /* SampleApp2UITests.m */; };
/* End PBXBuildFile section */

/* Begin PBXContainerItemProxy section */
		C5ABC8B21B36757C00153B48 /* PBXContainerItemProxy */ = {
			isa = PBXContainerItemProxy;
			containerPortal = C5ABC8901B36757C00153B48 /* Project object */;
			proxyType = 1;
			remoteGlobalIDString = C5ABC8971B36757C00153B48;
			remoteInfo = SampleApp2;
		};
		C5ABC8BD1B36757C00153B48 /* PBXContainerItemProxy */ = {
			isa = PBXContainerItemProxy;
			containerPortal = C5ABC8901B36757C00153B48 /* Project object */;
			proxyType = 1;
			remoteGlobalIDString = C5ABC8971B36757C00153B48;
			remoteInfo = SampleApp2;
		};
/* End PBXContainerItemProxy section */

/* Begin PBXFileReference section */
		C5ABC8981B36757C00153B48 /* SampleApp2.app */ = {isa = PBXFileReference; explicitFileType = wrapper.application; includeInIndex = 0; path = SampleApp2.app; sourceTree = BUILT_PRODUCTS_DIR; };
		C5ABC89C1B36757C00153B48 /* main.m */ = {isa = PBXFileReference; lastKnownFileType = sourcecode.c.objc; path = main.m; sourceTree = "<group>"; };
		C5ABC89E1B36757C00153B48 /* AppDelegate.h */ = {isa = PBXFileReference; lastKnownFileType = sourcecode.c.h; path = AppDelegate.h; sourceTree = "<group>"; };
		C5ABC89F1B36757C00153B48 /* AppDelegate.m */ = {isa = PBXFileReference; lastKnownFileType = sourcecode.c.objc; path = AppDelegate.m; sourceTree = "<group>"; };
		C5ABC8A11B36757C00153B48 /* ViewController.h */ = {isa = PBXFileReference; lastKnownFileType = sourcecode.c.h; path = ViewController.h; sourceTree = "<group>"; };
		C5ABC8A21B36757C00153B48 /* ViewController.m */ = {isa = PBXFileReference; lastKnownFileType = sourcecode.c.objc; path = ViewController.m; sourceTree = "<group>"; };
		C5ABC8A51B36757C00153B48 /* Base */ = {isa = PBXFileReference; lastKnownFileType = file.storyboard; name = Base; path = Base.lproj/Main.storyboard; sourceTree = "<group>"; };
		C5ABC8A71B36757C00153B48 /* Assets.xcassets */ = {isa = PBXFileReference; lastKnownFileType = folder.assetcatalog; path = Assets.xcassets; sourceTree = "<group>"; };
		C5ABC8AA1B36757C00153B48 /* Base */ = {isa = PBXFileReference; lastKnownFileType = file.storyboard; name = Base; path = Base.lproj/LaunchScreen.storyboard; sourceTree = "<group>"; };
		C5ABC8AC1B36757C00153B48 /* Info.plist */ = {isa = PBXFileReference; lastKnownFileType = text.plist.xml; path = Info.plist; sourceTree = "<group>"; };
		C5ABC8B11B36757C00153B48 /* SampleApp2Tests.xctest */ = {isa = PBXFileReference; explicitFileType = wrapper.cfbundle; includeInIndex = 0; path = SampleApp2Tests.xctest; sourceTree = BUILT_PRODUCTS_DIR; };
		C5ABC8B51B36757C00153B48 /* SampleApp2Tests.m */ = {isa = PBXFileReference; lastKnownFileType = sourcecode.c.objc; path = SampleApp2Tests.m; sourceTree = "<group>"; };
		C5ABC8B71B36757C00153B48 /* Info.plist */ = {isa = PBXFileReference; lastKnownFileType = text.plist.xml; path = Info.plist; sourceTree = "<group>"; };
		C5ABC8BC1B36757C00153B48 /* SampleApp2UITests.xctest */ = {isa = PBXFileReference; explicitFileType = wrapper.cfbundle; includeInIndex = 0; path = SampleApp2UITests.xctest; sourceTree = BUILT_PRODUCTS_DIR; };
		C5ABC8C01B36757C00153B48 /* SampleApp2UITests.m */ = {isa = PBXFileReference; lastKnownFileType = sourcecode.c.objc; path = SampleApp2UITests.m; sourceTree = "<group>"; };
		C5ABC8C21B36757C00153B48 /* Info.plist */ = {isa = PBXFileReference; lastKnownFileType = text.plist.xml; path = Info.plist; sourceTree = "<group>"; };
/* End PBXFileReference section */

/* Begin PBXFrameworksBuildPhase section */
		C5ABC8951B36757C00153B48 /* Frameworks */ = {
			isa = PBXFrameworksBuildPhase;
			buildActionMask = 2147483647;
			files = (
			);
			runOnlyForDeploymentPostprocessing = 0;
		};
		C5ABC8AE1B36757C00153B48 /* Frameworks */ = {
			isa = PBXFrameworksBuildPhase;
			buildActionMask = 2147483647;
			files = (
			);
			runOnlyForDeploymentPostprocessing = 0;
		};
		C5ABC8B91B36757C00153B48 /* Frameworks */ = {
			isa = PBXFrameworksBuildPhase;
			buildActionMask = 2147483647;
			files = (
			);
			runOnlyForDeploymentPostprocessing = 0;
		};
/* End PBXFrameworksBuildPhase section */

/* Begin PBXGroup section */
		C5ABC88F1B36757C00153B48 = {
			isa = PBXGroup;
			children = (
				C5ABC89A1B36757C00153B48 /* SampleApp2 */,
				C5ABC8B41B36757C00153B48 /* SampleApp2Tests */,
				C5ABC8BF1B36757C00153B48 /* SampleApp2UITests */,
				C5ABC8991B36757C00153B48 /* Products */,
			);
			sourceTree = "<group>";
		};
		C5ABC8991B36757C00153B48 /* Products */ = {
			isa = PBXGroup;
			children = (
				C5ABC8981B36757C00153B48 /* SampleApp2.app */,
				C5ABC8B11B36757C00153B48 /* SampleApp2Tests.xctest */,
				C5ABC8BC1B36757C00153B48 /* SampleApp2UITests.xctest */,
			);
			name = Products;
			sourceTree = "<group>";
		};
		C5ABC89A1B36757C00153B48 /* SampleApp2 */ = {
			isa = PBXGroup;
			children = (
				C5ABC89E1B36757C00153B48 /* AppDelegate.h */,
				C5ABC89F1B36757C00153B48 /* AppDelegate.m */,
				C5ABC8A11B36757C00153B48 /* ViewController.h */,
				C5ABC8A21B36757C00153B48 /* ViewController.m */,
				C5ABC8A41B36757C00153B48 /* Main.storyboard */,
				C5ABC8A71B36757C00153B48 /* Assets.xcassets */,
				C5ABC8A91B36757C00153B48 /* LaunchScreen.storyboard */,
				C5ABC8AC1B36757C00153B48 /* Info.plist */,
				C5ABC89B1B36757C00153B48 /* Supporting Files */,
			);
			path = SampleApp2;
			sourceTree = "<group>";
		};
		C5ABC89B1B36757C00153B48 /* Supporting Files */ = {
			isa = PBXGroup;
			children = (
				C5ABC89C1B36757C00153B48 /* main.m */,
			);
			name = "Supporting Files";
			sourceTree = "<group>";
		};
		C5ABC8B41B36757C00153B48 /* SampleApp2Tests */ = {
			isa = PBXGroup;
			children = (
				C5ABC8B51B36757C00153B48 /* SampleApp2Tests.m */,
				C5ABC8B71B36757C00153B48 /* Info.plist */,
			);
			path = SampleApp2Tests;
			sourceTree = "<group>";
		};
		C5ABC8BF1B36757C00153B48 /* SampleApp2UITests */ = {
			isa = PBXGroup;
			children = (
				C5ABC8C01B36757C00153B48 /* SampleApp2UITests.m */,
				C5ABC8C21B36757C00153B48 /* Info.plist */,
			);
			path = SampleApp2UITests;
			sourceTree = "<group>";
		};
/* End PBXGroup section */

/* Begin PBXNativeTarget section */
		C5ABC8971B36757C00153B48 /* SampleApp2 */ = {
			isa = PBXNativeTarget;
			buildConfigurationList = C5ABC8C51B36757C00153B48 /* Build configuration list for PBXNativeTarget "SampleApp2" */;
			buildPhases = (
				C5ABC8941B36757C00153B48 /* Sources */,
				C5ABC8951B36757C00153B48 /* Frameworks */,
				C5ABC8961B36757C00153B48 /* Resources */,
			);
			buildRules = (
			);
			dependencies = (
			);
			name = SampleApp2;
			productName = SampleApp2;
			productReference = C5ABC8981B36757C00153B48 /* SampleApp2.app */;
			productType = "com.apple.product-type.application";
		};
		C5ABC8B01B36757C00153B48 /* SampleApp2Tests */ = {
			isa = PBXNativeTarget;
			buildConfigurationList = C5ABC8C81B36757C00153B48 /* Build configuration list for PBXNativeTarget "SampleApp2Tests" */;
			buildPhases = (
				C5ABC8AD1B36757C00153B48 /* Sources */,
				C5ABC8AE1B36757C00153B48 /* Frameworks */,
				C5ABC8AF1B36757C00153B48 /* Resources */,
			);
			buildRules = (
			);
			dependencies = (
				C5ABC8B31B36757C00153B48 /* PBXTargetDependency */,
			);
			name = SampleApp2Tests;
			productName = SampleApp2Tests;
			productReference = C5ABC8B11B36757C00153B48 /* SampleApp2Tests.xctest */;
			productType = "com.apple.product-type.bundle.unit-test";
		};
		C5ABC8BB1B36757C00153B48 /* SampleApp2UITests */ = {
			isa = PBXNativeTarget;
			buildConfigurationList = C5ABC8CB1B36757C00153B48 /* Build configuration list for PBXNativeTarget "SampleApp2UITests" */;
			buildPhases = (
				C5ABC8B81B36757C00153B48 /* Sources */,
				C5ABC8B91B36757C00153B48 /* Frameworks */,
				C5ABC8BA1B36757C00153B48 /* Resources */,
			);
			buildRules = (
			);
			dependencies = (
				C5ABC8BE1B36757C00153B48 /* PBXTargetDependency */,
			);
			name = SampleApp2UITests;
			productName = SampleApp2UITests;
			productReference = C5ABC8BC1B36757C00153B48 /* SampleApp2UITests.xctest */;
			productType = "com.apple.product-type.bundle.ui-testing";
		};
/* End PBXNativeTarget section */

/* Begin PBXProject section */
		C5ABC8901B36757C00153B48 /* Project object */ = {
			isa = PBXProject;
			attributes = {
				LastUpgradeCheck = 0700;
				ORGANIZATIONNAME = "Jeff Kingyens";
				TargetAttributes = {
					C5ABC8971B36757C00153B48 = {
						CreatedOnToolsVersion = 7.0;
					};
					C5ABC8B01B36757C00153B48 = {
						CreatedOnToolsVersion = 7.0;
						TestTargetID = C5ABC8971B36757C00153B48;
					};
					C5ABC8BB1B36757C00153B48 = {
						CreatedOnToolsVersion = 7.0;
						TestTargetID = C5ABC8971B36757C00153B48;
					};
				};
			};
			buildConfigurationList = C5ABC8931B36757C00153B48 /* Build configuration list for PBXProject "SampleApp2" */;
			compatibilityVersion = "Xcode 3.2";
			developmentRegion = English;
			hasScannedForEncodings = 0;
			knownRegions = (
				en,
				Base,
			);
			mainGroup = C5ABC88F1B36757C00153B48;
			productRefGroup = C5ABC8991B36757C00153B48 /* Products */;
			projectDirPath = "";
			projectRoot = "";
			targets = (
				C5ABC8971B36757C00153B48 /* SampleApp2 */,
				C5ABC8B01B36757C00153B48 /* SampleApp2Tests */,
				C5ABC8BB1B36757C00153B48 /* SampleApp2UITests */,
			);
		};
/* End PBXProject section */

/* Begin PBXResourcesBuildPhase section */
		C5ABC8961B36757C00153B48 /* Resources */ = {
			isa = PBXResourcesBuildPhase;
			buildActionMask = 2147483647;
			files = (
				C5ABC8AB1B36757C00153B48 /* LaunchScreen.storyboard in Resources */,
				C5ABC8A81B36757C00153B48 /* Assets.xcassets in Resources */,
				C5ABC8A61B36757C00153B48 /* Main.storyboard in Resources */,
			);
			runOnlyForDeploymentPostprocessing = 0;
		};
		C5ABC8AF1B36757C00153B48 /* Resources */ = {
			isa = PBXResourcesBuildPhase;
			buildActionMask = 2147483647;
			files = (
			);
			runOnlyForDeploymentPostprocessing = 0;
		};
		C5ABC8BA1B36757C00153B48 /* Resources */ = {
			isa = PBXResourcesBuildPhase;
			buildActionMask = 2147483647;
			files = (
			);
			runOnlyForDeploymentPostprocessing = 0;
		};
/* End PBXResourcesBuildPhase section */

/* Begin PBXSourcesBuildPhase section */
		C5ABC8941B36757C00153B48 /* Sources */ = {
			isa = PBXSourcesBuildPhase;
			buildActionMask = 2147483647;
			files = (
				C5ABC8A31B36757C00153B48 /* ViewController.m in Sources */,
				C5ABC8A01B36757C00153B48 /* AppDelegate.m in Sources */,
				C5ABC89D1B36757C00153B48 /* main.m in Sources */,
			);
			runOnlyForDeploymentPostprocessing = 0;
		};
		C5ABC8AD1B36757C00153B48 /* Sources */ = {
			isa = PBXSourcesBuildPhase;
			buildActionMask = 2147483647;
			files = (
				C5ABC8B61B36757C00153B48 /* SampleApp2Tests.m in Sources */,
			);
			runOnlyForDeploymentPostprocessing = 0;
		};
		C5ABC8B81B36757C00153B48 /* Sources */ = {
			isa = PBXSourcesBuildPhase;
			buildActionMask = 2147483647;
			files = (
				C5ABC8C11B36757C00153B48 /* SampleApp2UITests.m in Sources */,
			);
			runOnlyForDeploymentPostprocessing = 0;
		};
/* End PBXSourcesBuildPhase section */

/* Begin PBXTargetDependency section */
		C5ABC8B31B36757C00153B48 /* PBXTargetDependency */ = {
			isa = PBXTargetDependency;
			target = C5ABC8971B36757C00153B48 /* SampleApp2 */;
			targetProxy = C5ABC8B21B36757C00153B48 /* PBXContainerItemProxy */;
		};
		C5ABC8BE1B36757C00153B48 /* PBXTargetDependency */ = {
			isa = PBXTargetDependency;
			target = C5ABC8971B36757C00153B48 /* SampleApp2 */;
			targetProxy = C5ABC8BD1B36757C00153B48 /* PBXContainerItemProxy */;
		};
/* End PBXTargetDependency section */

/* Begin PBXVariantGroup section */
		C5ABC8A41B36757C00153B48 /* Main.storyboard */ = {
			isa = PBXVariantGroup;
			children = (
				C5ABC8A51B36757C00153B48 /* Base */,
			);
			name = Main.storyboard;
			sourceTree = "<group>";
		};
		C5ABC8A91B36757C00153B48 /* LaunchScreen.storyboard */ = {
			isa = PBXVariantGroup;
			children = (
				C5ABC8AA1B36757C00153B48 /* Base */,
			);
			name = LaunchScreen.storyboard;
			sourceTree = "<group>";
		};
/* End PBXVariantGroup section */

/* Begin XCBuildConfiguration section */
		C5ABC8C31B36757C00153B48 /* Debug */ = {
			isa = XCBuildConfiguration;
			buildSettings = {
				ALWAYS_SEARCH_USER_PATHS = NO;
				CLANG_CXX_LANGUAGE_STANDARD = "gnu++0x";
				CLANG_CXX_LIBRARY = "libc++";
				CLANG_ENABLE_MODULES = YES;
				CLANG_ENABLE_OBJC_ARC = YES;
				CLANG_WARN_BOOL_CONVERSION = YES;
				CLANG_WARN_CONSTANT_CONVERSION = YES;
				CLANG_WARN_DIRECT_OBJC_ISA_USAGE = YES_ERROR;
				CLANG_WARN_EMPTY_BODY = YES;
				CLANG_WARN_ENUM_CONVERSION = YES;
				CLANG_WARN_INT_CONVERSION = YES;
				CLANG_WARN_OBJC_ROOT_CLASS = YES_ERROR;
				CLANG_WARN_UNREACHABLE_CODE = YES;
				CLANG_WARN__DUPLICATE_METHOD_MATCH = YES;
				"CODE_SIGN_IDENTITY[sdk=iphoneos*]" = "iPhone Developer";
				COPY_PHASE_STRIP = NO;
				DEBUG_INFORMATION_FORMAT = dwarf;
				ENABLE_STRICT_OBJC_MSGSEND = YES;
				ENABLE_TESTABILITY = YES;
				GCC_C_LANGUAGE_STANDARD = gnu99;
				GCC_DYNAMIC_NO_PIC = NO;
				GCC_NO_COMMON_BLOCKS = YES;
				GCC_OPTIMIZATION_LEVEL = 0;
				GCC_PREPROCESSOR_DEFINITIONS = (
					"DEBUG=1",
					"$(inherited)",
				);
				GCC_WARN_64_TO_32_BIT_CONVERSION = YES;
				GCC_WARN_ABOUT_RETURN_TYPE = YES_ERROR;
				GCC_WARN_UNDECLARED_SELECTOR = YES;
				GCC_WARN_UNINITIALIZED_AUTOS = YES_AGGRESSIVE;
				GCC_WARN_UNUSED_FUNCTION = YES;
				GCC_WARN_UNUSED_VARIABLE = YES;
				IPHONEOS_DEPLOYMENT_TARGET = 9.0;
				MTL_ENABLE_DEBUG_INFO = YES;
				ONLY_ACTIVE_ARCH = YES;
				SDKROOT = iphoneos;
				TARGETED_DEVICE_FAMILY = "1,2";
			};
			name = Debug;
		};
		C5ABC8C41B36757C00153B48 /* Release */ = {
			isa = XCBuildConfiguration;
			buildSettings = {
				ALWAYS_SEARCH_USER_PATHS = NO;
				CLANG_CXX_LANGUAGE_STANDARD = "gnu++0x";
				CLANG_CXX_LIBRARY = "libc++";
				CLANG_ENABLE_MODULES = YES;
				CLANG_ENABLE_OBJC_ARC = YES;
				CLANG_WARN_BOOL_CONVERSION = YES;
				CLANG_WARN_CONSTANT_CONVERSION = YES;
				CLANG_WARN_DIRECT_OBJC_ISA_USAGE = YES_ERROR;
				CLANG_WARN_EMPTY_BODY = YES;
				CLANG_WARN_ENUM_CONVERSION = YES;
				CLANG_WARN_INT_CONVERSION = YES;
				CLANG_WARN_OBJC_ROOT_CLASS = YES_ERROR;
				CLANG_WARN_UNREACHABLE_CODE = YES;
				CLANG_WARN__DUPLICATE_METHOD_MATCH = YES;
				"CODE_SIGN_IDENTITY[sdk=iphoneos*]" = "iPhone Developer";
				COPY_PHASE_STRIP = NO;
				DEBUG_INFORMATION_FORMAT = "dwarf-with-dsym";
				ENABLE_NS_ASSERTIONS = NO;
				ENABLE_STRICT_OBJC_MSGSEND = YES;
				GCC_C_LANGUAGE_STANDARD = gnu99;
				GCC_NO_COMMON_BLOCKS = YES;
				GCC_WARN_64_TO_32_BIT_CONVERSION = YES;
				GCC_WARN_ABOUT_RETURN_TYPE = YES_ERROR;
				GCC_WARN_UNDECLARED_SELECTOR = YES;
				GCC_WARN_UNINITIALIZED_AUTOS = YES_AGGRESSIVE;
				GCC_WARN_UNUSED_FUNCTION = YES;
				GCC_WARN_UNUSED_VARIABLE = YES;
				IPHONEOS_DEPLOYMENT_TARGET = 9.0;
				MTL_ENABLE_DEBUG_INFO = NO;
				SDKROOT = iphoneos;
				TARGETED_DEVICE_FAMILY = "1,2";
				VALIDATE_PRODUCT = YES;
			};
			name = Release;
		};
		C5ABC8C61B36757C00153B48 /* Debug */ = {
			isa = XCBuildConfiguration;
			buildSettings = {
				ASSETCATALOG_COMPILER_APPICON_NAME = AppIcon;
				INFOPLIST_FILE = SampleApp2/Info.plist;
				LD_RUNPATH_SEARCH_PATHS = "$(inherited) @executable_path/Frameworks";
				PRODUCT_BUNDLE_IDENTIFIER = com.substrait.SampleApp2;
				PRODUCT_NAME = "$(TARGET_NAME)";
			};
			name = Debug;
		};
		C5ABC8C71B36757C00153B48 /* Release */ = {
			isa = XCBuildConfiguration;
			buildSettings = {
				ASSETCATALOG_COMPILER_APPICON_NAME = AppIcon;
				INFOPLIST_FILE = SampleApp2/Info.plist;
				LD_RUNPATH_SEARCH_PATHS = "$(inherited) @executable_path/Frameworks";
				PRODUCT_BUNDLE_IDENTIFIER = com.substrait.SampleApp2;
				PRODUCT_NAME = "$(TARGET_NAME)";
			};
			name = Release;
		};
		C5ABC8C91B36757C00153B48 /* Debug */ = {
			isa = XCBuildConfiguration;
			buildSettings = {
				BUNDLE_LOADER = "$(TEST_HOST)";
				INFOPLIST_FILE = SampleApp2Tests/Info.plist;
				LD_RUNPATH_SEARCH_PATHS = "$(inherited) @executable_path/Frameworks @loader_path/Frameworks";
				PRODUCT_BUNDLE_IDENTIFIER = com.substrait.SampleApp2Tests;
				PRODUCT_NAME = "$(TARGET_NAME)";
				TEST_HOST = "$(BUILT_PRODUCTS_DIR)/SampleApp2.app/SampleApp2";
			};
			name = Debug;
		};
		C5ABC8CA1B36757C00153B48 /* Release */ = {
			isa = XCBuildConfiguration;
			buildSettings = {
				BUNDLE_LOADER = "$(TEST_HOST)";
				INFOPLIST_FILE = SampleApp2Tests/Info.plist;
				LD_RUNPATH_SEARCH_PATHS = "$(inherited) @executable_path/Frameworks @loader_path/Frameworks";
				PRODUCT_BUNDLE_IDENTIFIER = com.substrait.SampleApp2Tests;
				PRODUCT_NAME = "$(TARGET_NAME)";
				TEST_HOST = "$(BUILT_PRODUCTS_DIR)/SampleApp2.app/SampleApp2";
			};
			name = Release;
		};
		C5ABC8CC1B36757C00153B48 /* Debug */ = {
			isa = XCBuildConfiguration;
			buildSettings = {
				INFOPLIST_FILE = SampleApp2UITests/Info.plist;
				LD_RUNPATH_SEARCH_PATHS = "$(inherited) @executable_path/Frameworks @loader_path/Frameworks";
				PRODUCT_BUNDLE_IDENTIFIER = com.substrait.SampleApp2UITests;
				PRODUCT_NAME = "$(TARGET_NAME)";
				TEST_TARGET_NAME = SampleApp2;
				USES_XCTRUNNER = YES;
			};
			name = Debug;
		};
		C5ABC8CD1B36757C00153B48 /* Release */ = {
			isa = XCBuildConfiguration;
			buildSettings = {
				INFOPLIST_FILE = SampleApp2UITests/Info.plist;
				LD_RUNPATH_SEARCH_PATHS = "$(inherited) @executable_path/Frameworks @loader_path/Frameworks";
				PRODUCT_BUNDLE_IDENTIFIER = com.substrait.SampleApp2UITests;
				PRODUCT_NAME = "$(TARGET_NAME)";
				TEST_TARGET_NAME = SampleApp2;
				USES_XCTRUNNER = YES;
			};
			name = Release;
		};
/* End XCBuildConfiguration section */

/* Begin XCConfigurationList section */
		C5ABC8931B36757C00153B48 /* Build configuration list for PBXProject "SampleApp2" */ = {
			isa = XCConfigurationList;
			buildConfigurations = (
				C5ABC8C31B36757C00153B48 /* Debug */,
				C5ABC8C41B36757C00153B48 /* Release */,
			);
			defaultConfigurationIsVisible = 0;
			defaultConfigurationName = Release;
		};
		C5ABC8C51B36757C00153B48 /* Build configuration list for PBXNativeTarget "SampleApp2" */ = {
			isa = XCConfigurationList;
			buildConfigurations = (
				C5ABC8C61B36757C00153B48 /* Debug */,
				C5ABC8C71B36757C00153B48 /* Release */,
			);
			defaultConfigurationIsVisible = 0;
		};
		C5ABC8C81B36757C00153B48 /* Build configuration list for PBXNativeTarget "SampleApp2Tests" */ = {
			isa = XCConfigurationList;
			buildConfigurations = (
				C5ABC8C91B36757C00153B48 /* Debug */,
				C5ABC8CA1B36757C00153B48 /* Release */,
			);
			defaultConfigurationIsVisible = 0;
		};
		C5ABC8CB1B36757C00153B48 /* Build configuration list for PBXNativeTarget "SampleApp2UITests" */ = {
			isa = XCConfigurationList;
			buildConfigurations = (
				C5ABC8CC1B36757C00153B48 /* Debug */,
				C5ABC8CD1B36757C00153B48 /* Release */,
			);
			defaultConfigurationIsVisible = 0;
		};
/* End XCConfigurationList section */
	};
	rootObject = C5ABC8901B36757C00153B48 /* Project object */;
}
