// !$*UTF8*$!
{
	archiveVersion = 1;
	classes = {
	};
	objectVersion = 46;
	objects = {

/* Begin PBXBuildFile section */
		C5B4F9411B33797D000265DA /* AppDelegate.swift in Sources */ = {isa = PBXBuildFile; fileRef = C5B4F9401B33797D000265DA /* AppDelegate.swift */; };
		C5B4F9431B33797D000265DA /* ViewController.swift in Sources */ = {isa = PBXBuildFile; fileRef = C5B4F9421B33797D000265DA /* ViewController.swift */; };
		C5B4F9461B33797D000265DA /* Main.storyboard in Resources */ = {isa = PBXBuildFile; fileRef = C5B4F9441B33797D000265DA /* Main.storyboard */; };
		C5B4F9481B33797D000265DA /* Images.xcassets in Resources */ = {isa = PBXBuildFile; fileRef = C5B4F9471B33797D000265DA /* Images.xcassets */; };
		C5B4F94B1B33797D000265DA /* LaunchScreen.xib in Resources */ = {isa = PBXBuildFile; fileRef = C5B4F9491B33797D000265DA /* LaunchScreen.xib */; };
		C5B4F9571B33797D000265DA /* SampleAppTests.swift in Sources */ = {isa = PBXBuildFile; fileRef = C5B4F9561B33797D000265DA /* SampleAppTests.swift */; };
/* End PBXBuildFile section */

/* Begin PBXContainerItemProxy section */
		C5B4F9511B33797D000265DA /* PBXContainerItemProxy */ = {
			isa = PBXContainerItemProxy;
			containerPortal = C5B4F9331B33797D000265DA /* Project object */;
			proxyType = 1;
			remoteGlobalIDString = C5B4F93A1B33797D000265DA;
			remoteInfo = SampleApp;
		};
/* End PBXContainerItemProxy section */

/* Begin PBXFileReference section */
		C5B4F93B1B33797D000265DA /* SampleApp.app */ = {isa = PBXFileReference; explicitFileType = wrapper.application; includeInIndex = 0; path = SampleApp.app; sourceTree = BUILT_PRODUCTS_DIR; };
		C5B4F93F1B33797D000265DA /* Info.plist */ = {isa = PBXFileReference; lastKnownFileType = text.plist.xml; path = Info.plist; sourceTree = "<group>"; };
		C5B4F9401B33797D000265DA /* AppDelegate.swift */ = {isa = PBXFileReference; lastKnownFileType = sourcecode.swift; path = AppDelegate.swift; sourceTree = "<group>"; };
		C5B4F9421B33797D000265DA /* ViewController.swift */ = {isa = PBXFileReference; lastKnownFileType = sourcecode.swift; path = ViewController.swift; sourceTree = "<group>"; };
		C5B4F9451B33797D000265DA /* Base */ = {isa = PBXFileReference; lastKnownFileType = file.storyboard; name = Base; path = Base.lproj/Main.storyboard; sourceTree = "<group>"; };
		C5B4F9471B33797D000265DA /* Images.xcassets */ = {isa = PBXFileReference; lastKnownFileType = folder.assetcatalog; path = Images.xcassets; sourceTree = "<group>"; };
		C5B4F94A1B33797D000265DA /* Base */ = {isa = PBXFileReference; lastKnownFileType = file.xib; name = Base; path = Base.lproj/LaunchScreen.xib; sourceTree = "<group>"; };
		C5B4F9501B33797D000265DA /* SampleAppTests.xctest */ = {isa = PBXFileReference; explicitFileType = wrapper.cfbundle; includeInIndex = 0; path = SampleAppTests.xctest; sourceTree = BUILT_PRODUCTS_DIR; };
		C5B4F9551B33797D000265DA /* Info.plist */ = {isa = PBXFileReference; lastKnownFileType = text.plist.xml; path = Info.plist; sourceTree = "<group>"; };
		C5B4F9561B33797D000265DA /* SampleAppTests.swift */ = {isa = PBXFileReference; lastKnownFileType = sourcecode.swift; path = SampleAppTests.swift; sourceTree = "<group>"; };
/* End PBXFileReference section */

/* Begin PBXFrameworksBuildPhase section */
		C5B4F9381B33797D000265DA /* Frameworks */ = {
			isa = PBXFrameworksBuildPhase;
			buildActionMask = 2147483647;
			files = (
			);
			runOnlyForDeploymentPostprocessing = 0;
		};
		C5B4F94D1B33797D000265DA /* Frameworks */ = {
			isa = PBXFrameworksBuildPhase;
			buildActionMask = 2147483647;
			files = (
			);
			runOnlyForDeploymentPostprocessing = 0;
		};
/* End PBXFrameworksBuildPhase section */

/* Begin PBXGroup section */
		C5B4F9321B33797D000265DA = {
			isa = PBXGroup;
			children = (
				C5B4F93D1B33797D000265DA /* SampleApp */,
				C5B4F9531B33797D000265DA /* SampleAppTests */,
				C5B4F93C1B33797D000265DA /* Products */,
			);
			sourceTree = "<group>";
		};
		C5B4F93C1B33797D000265DA /* Products */ = {
			isa = PBXGroup;
			children = (
				C5B4F93B1B33797D000265DA /* SampleApp.app */,
				C5B4F9501B33797D000265DA /* SampleAppTests.xctest */,
			);
			name = Products;
			sourceTree = "<group>";
		};
		C5B4F93D1B33797D000265DA /* SampleApp */ = {
			isa = PBXGroup;
			children = (
				C5B4F9401B33797D000265DA /* AppDelegate.swift */,
				C5B4F9421B33797D000265DA /* ViewController.swift */,
				C5B4F9441B33797D000265DA /* Main.storyboard */,
				C5B4F9471B33797D000265DA /* Images.xcassets */,
				C5B4F9491B33797D000265DA /* LaunchScreen.xib */,
				C5B4F93E1B33797D000265DA /* Supporting Files */,
			);
			path = SampleApp;
			sourceTree = "<group>";
		};
		C5B4F93E1B33797D000265DA /* Supporting Files */ = {
			isa = PBXGroup;
			children = (
				C5B4F93F1B33797D000265DA /* Info.plist */,
			);
			name = "Supporting Files";
			sourceTree = "<group>";
		};
		C5B4F9531B33797D000265DA /* SampleAppTests */ = {
			isa = PBXGroup;
			children = (
				C5B4F9561B33797D000265DA /* SampleAppTests.swift */,
				C5B4F9541B33797D000265DA /* Supporting Files */,
			);
			path = SampleAppTests;
			sourceTree = "<group>";
		};
		C5B4F9541B33797D000265DA /* Supporting Files */ = {
			isa = PBXGroup;
			children = (
				C5B4F9551B33797D000265DA /* Info.plist */,
			);
			name = "Supporting Files";
			sourceTree = "<group>";
		};
/* End PBXGroup section */

/* Begin PBXNativeTarget section */
		C5B4F93A1B33797D000265DA /* SampleApp */ = {
			isa = PBXNativeTarget;
			buildConfigurationList = C5B4F95A1B33797D000265DA /* Build configuration list for PBXNativeTarget "SampleApp" */;
			buildPhases = (
				C5B4F9371B33797D000265DA /* Sources */,
				C5B4F9381B33797D000265DA /* Frameworks */,
				C5B4F9391B33797D000265DA /* Resources */,
			);
			buildRules = (
			);
			dependencies = (
			);
			name = SampleApp;
			productName = SampleApp;
			productReference = C5B4F93B1B33797D000265DA /* SampleApp.app */;
			productType = "com.apple.product-type.application";
		};
		C5B4F94F1B33797D000265DA /* SampleAppTests */ = {
			isa = PBXNativeTarget;
			buildConfigurationList = C5B4F95D1B33797D000265DA /* Build configuration list for PBXNativeTarget "SampleAppTests" */;
			buildPhases = (
				C5B4F94C1B33797D000265DA /* Sources */,
				C5B4F94D1B33797D000265DA /* Frameworks */,
				C5B4F94E1B33797D000265DA /* Resources */,
			);
			buildRules = (
			);
			dependencies = (
				C5B4F9521B33797D000265DA /* PBXTargetDependency */,
			);
			name = SampleAppTests;
			productName = SampleAppTests;
			productReference = C5B4F9501B33797D000265DA /* SampleAppTests.xctest */;
			productType = "com.apple.product-type.bundle.unit-test";
		};
/* End PBXNativeTarget section */

/* Begin PBXProject section */
		C5B4F9331B33797D000265DA /* Project object */ = {
			isa = PBXProject;
			attributes = {
				LastSwiftUpdateCheck = 0700;
				LastUpgradeCheck = 0630;
				ORGANIZATIONNAME = Dockerthon;
				TargetAttributes = {
					C5B4F93A1B33797D000265DA = {
						CreatedOnToolsVersion = 6.3.2;
						DevelopmentTeam = 96SJK7YQJ2;
					};
					C5B4F94F1B33797D000265DA = {
						CreatedOnToolsVersion = 6.3.2;
						TestTargetID = C5B4F93A1B33797D000265DA;
					};
				};
			};
			buildConfigurationList = C5B4F9361B33797D000265DA /* Build configuration list for PBXProject "SampleApp" */;
			compatibilityVersion = "Xcode 3.2";
			developmentRegion = English;
			hasScannedForEncodings = 0;
			knownRegions = (
				en,
				Base,
			);
			mainGroup = C5B4F9321B33797D000265DA;
			productRefGroup = C5B4F93C1B33797D000265DA /* Products */;
			projectDirPath = "";
			projectRoot = "";
			targets = (
				C5B4F93A1B33797D000265DA /* SampleApp */,
				C5B4F94F1B33797D000265DA /* SampleAppTests */,
			);
		};
/* End PBXProject section */

/* Begin PBXResourcesBuildPhase section */
		C5B4F9391B33797D000265DA /* Resources */ = {
			isa = PBXResourcesBuildPhase;
			buildActionMask = 2147483647;
			files = (
				C5B4F9461B33797D000265DA /* Main.storyboard in Resources */,
				C5B4F94B1B33797D000265DA /* LaunchScreen.xib in Resources */,
				C5B4F9481B33797D000265DA /* Images.xcassets in Resources */,
			);
			runOnlyForDeploymentPostprocessing = 0;
		};
		C5B4F94E1B33797D000265DA /* Resources */ = {
			isa = PBXResourcesBuildPhase;
			buildActionMask = 2147483647;
			files = (
			);
			runOnlyForDeploymentPostprocessing = 0;
		};
/* End PBXResourcesBuildPhase section */

/* Begin PBXSourcesBuildPhase section */
		C5B4F9371B33797D000265DA /* Sources */ = {
			isa = PBXSourcesBuildPhase;
			buildActionMask = 2147483647;
			files = (
				C5B4F9431B33797D000265DA /* ViewController.swift in Sources */,
				C5B4F9411B33797D000265DA /* AppDelegate.swift in Sources */,
			);
			runOnlyForDeploymentPostprocessing = 0;
		};
		C5B4F94C1B33797D000265DA /* Sources */ = {
			isa = PBXSourcesBuildPhase;
			buildActionMask = 2147483647;
			files = (
				C5B4F9571B33797D000265DA /* SampleAppTests.swift in Sources */,
			);
			runOnlyForDeploymentPostprocessing = 0;
		};
/* End PBXSourcesBuildPhase section */

/* Begin PBXTargetDependency section */
		C5B4F9521B33797D000265DA /* PBXTargetDependency */ = {
			isa = PBXTargetDependency;
			target = C5B4F93A1B33797D000265DA /* SampleApp */;
			targetProxy = C5B4F9511B33797D000265DA /* PBXContainerItemProxy */;
		};
/* End PBXTargetDependency section */

/* Begin PBXVariantGroup section */
		C5B4F9441B33797D000265DA /* Main.storyboard */ = {
			isa = PBXVariantGroup;
			children = (
				C5B4F9451B33797D000265DA /* Base */,
			);
			name = Main.storyboard;
			sourceTree = "<group>";
		};
		C5B4F9491B33797D000265DA /* LaunchScreen.xib */ = {
			isa = PBXVariantGroup;
			children = (
				C5B4F94A1B33797D000265DA /* Base */,
			);
			name = LaunchScreen.xib;
			sourceTree = "<group>";
		};
/* End PBXVariantGroup section */

/* Begin XCBuildConfiguration section */
		C5B4F9581B33797D000265DA /* Debug */ = {
			isa = XCBuildConfiguration;
			buildSettings = {
				ALWAYS_SEARCH_USER_PATHS = NO;
				CLANG_CXX_LANGUAGE_STANDARD = "gnu++0x";
				CLANG_CXX_LIBRARY = "libc++";
				CLANG_ENABLE_MODULES = YES;
				CLANG_ENABLE_OBJC_ARC = YES;
				CLANG_WARN_BOOL_CONVERSION = YES;
				CLANG_WARN_CONSTANT_CONVERSION = YES;
				CLANG_WARN_DIRECT_OBJC_ISA_USAGE = YES_ERROR;
				CLANG_WARN_EMPTY_BODY = YES;
				CLANG_WARN_ENUM_CONVERSION = YES;
				CLANG_WARN_INT_CONVERSION = YES;
				CLANG_WARN_OBJC_ROOT_CLASS = YES_ERROR;
				CLANG_WARN_UNREACHABLE_CODE = YES;
				CLANG_WARN__DUPLICATE_METHOD_MATCH = YES;
				"CODE_SIGN_IDENTITY[sdk=iphoneos*]" = "iPhone Developer";
				COPY_PHASE_STRIP = NO;
				DEBUG_INFORMATION_FORMAT = "dwarf-with-dsym";
				ENABLE_STRICT_OBJC_MSGSEND = YES;
				GCC_C_LANGUAGE_STANDARD = gnu99;
				GCC_DYNAMIC_NO_PIC = NO;
				GCC_NO_COMMON_BLOCKS = YES;
				GCC_OPTIMIZATION_LEVEL = 0;
				GCC_PREPROCESSOR_DEFINITIONS = (
					"DEBUG=1",
					"$(inherited)",
				);
				GCC_SYMBOLS_PRIVATE_EXTERN = NO;
				GCC_WARN_64_TO_32_BIT_CONVERSION = YES;
				GCC_WARN_ABOUT_RETURN_TYPE = YES_ERROR;
				GCC_WARN_UNDECLARED_SELECTOR = YES;
				GCC_WARN_UNINITIALIZED_AUTOS = YES_AGGRESSIVE;
				GCC_WARN_UNUSED_FUNCTION = YES;
				GCC_WARN_UNUSED_VARIABLE = YES;
				IPHONEOS_DEPLOYMENT_TARGET = 8.3;
				MTL_ENABLE_DEBUG_INFO = YES;
				ONLY_ACTIVE_ARCH = YES;
				SDKROOT = iphoneos;
				SWIFT_OPTIMIZATION_LEVEL = "-Onone";
				TARGETED_DEVICE_FAMILY = "1,2";
			};
			name = Debug;
		};
		C5B4F9591B33797D000265DA /* Release */ = {
			isa = XCBuildConfiguration;
			buildSettings = {
				ALWAYS_SEARCH_USER_PATHS = NO;
				CLANG_CXX_LANGUAGE_STANDARD = "gnu++0x";
				CLANG_CXX_LIBRARY = "libc++";
				CLANG_ENABLE_MODULES = YES;
				CLANG_ENABLE_OBJC_ARC = YES;
				CLANG_WARN_BOOL_CONVERSION = YES;
				CLANG_WARN_CONSTANT_CONVERSION = YES;
				CLANG_WARN_DIRECT_OBJC_ISA_USAGE = YES_ERROR;
				CLANG_WARN_EMPTY_BODY = YES;
				CLANG_WARN_ENUM_CONVERSION = YES;
				CLANG_WARN_INT_CONVERSION = YES;
				CLANG_WARN_OBJC_ROOT_CLASS = YES_ERROR;
				CLANG_WARN_UNREACHABLE_CODE = YES;
				CLANG_WARN__DUPLICATE_METHOD_MATCH = YES;
				"CODE_SIGN_IDENTITY[sdk=iphoneos*]" = "iPhone Developer";
				COPY_PHASE_STRIP = NO;
				DEBUG_INFORMATION_FORMAT = "dwarf-with-dsym";
				ENABLE_NS_ASSERTIONS = NO;
				ENABLE_STRICT_OBJC_MSGSEND = YES;
				GCC_C_LANGUAGE_STANDARD = gnu99;
				GCC_NO_COMMON_BLOCKS = YES;
				GCC_WARN_64_TO_32_BIT_CONVERSION = YES;
				GCC_WARN_ABOUT_RETURN_TYPE = YES_ERROR;
				GCC_WARN_UNDECLARED_SELECTOR = YES;
				GCC_WARN_UNINITIALIZED_AUTOS = YES_AGGRESSIVE;
				GCC_WARN_UNUSED_FUNCTION = YES;
				GCC_WARN_UNUSED_VARIABLE = YES;
				IPHONEOS_DEPLOYMENT_TARGET = 8.3;
				MTL_ENABLE_DEBUG_INFO = NO;
				SDKROOT = iphoneos;
				TARGETED_DEVICE_FAMILY = "1,2";
				VALIDATE_PRODUCT = YES;
			};
			name = Release;
		};
		C5B4F95B1B33797D000265DA /* Debug */ = {
			isa = XCBuildConfiguration;
			buildSettings = {
				ASSETCATALOG_COMPILER_APPICON_NAME = AppIcon;
				CODE_SIGN_IDENTITY = "iPhone Developer";
				INFOPLIST_FILE = SampleApp/Info.plist;
				IPHONEOS_DEPLOYMENT_TARGET = 8.3;
				LD_RUNPATH_SEARCH_PATHS = "$(inherited) @executable_path/Frameworks";
				PRODUCT_NAME = "$(TARGET_NAME)";
			};
			name = Debug;
		};
		C5B4F95C1B33797D000265DA /* Release */ = {
			isa = XCBuildConfiguration;
			buildSettings = {
				ASSETCATALOG_COMPILER_APPICON_NAME = AppIcon;
				CODE_SIGN_IDENTITY = "iPhone Developer";
				INFOPLIST_FILE = SampleApp/Info.plist;
				IPHONEOS_DEPLOYMENT_TARGET = 8.3;
				LD_RUNPATH_SEARCH_PATHS = "$(inherited) @executable_path/Frameworks";
				PRODUCT_NAME = "$(TARGET_NAME)";
			};
			name = Release;
		};
		C5B4F95E1B33797D000265DA /* Debug */ = {
			isa = XCBuildConfiguration;
			buildSettings = {
				BUNDLE_LOADER = "$(TEST_HOST)";
				FRAMEWORK_SEARCH_PATHS = (
					"$(SDKROOT)/Developer/Library/Frameworks",
					"$(inherited)",
				);
				GCC_PREPROCESSOR_DEFINITIONS = (
					"DEBUG=1",
					"$(inherited)",
				);
				INFOPLIST_FILE = SampleAppTests/Info.plist;
				LD_RUNPATH_SEARCH_PATHS = "$(inherited) @executable_path/Frameworks @loader_path/Frameworks";
				PRODUCT_NAME = "$(TARGET_NAME)";
				TEST_HOST = "$(BUILT_PRODUCTS_DIR)/SampleApp.app/SampleApp";
			};
			name = Debug;
		};
		C5B4F95F1B33797D000265DA /* Release */ = {
			isa = XCBuildConfiguration;
			buildSettings = {
				BUNDLE_LOADER = "$(TEST_HOST)";
				FRAMEWORK_SEARCH_PATHS = (
					"$(SDKROOT)/Developer/Library/Frameworks",
					"$(inherited)",
				);
				INFOPLIST_FILE = SampleAppTests/Info.plist;
				LD_RUNPATH_SEARCH_PATHS = "$(inherited) @executable_path/Frameworks @loader_path/Frameworks";
				PRODUCT_NAME = "$(TARGET_NAME)";
				TEST_HOST = "$(BUILT_PRODUCTS_DIR)/SampleApp.app/SampleApp";
			};
			name = Release;
		};
/* End XCBuildConfiguration section */

/* Begin XCConfigurationList section */
		C5B4F9361B33797D000265DA /* Build configuration list for PBXProject "SampleApp" */ = {
			isa = XCConfigurationList;
			buildConfigurations = (
				C5B4F9581B33797D000265DA /* Debug */,
				C5B4F9591B33797D000265DA /* Release */,
			);
			defaultConfigurationIsVisible = 0;
			defaultConfigurationName = Release;
		};
		C5B4F95A1B33797D000265DA /* Build configuration list for PBXNativeTarget "SampleApp" */ = {
			isa = XCConfigurationList;
			buildConfigurations = (
				C5B4F95B1B33797D000265DA /* Debug */,
				C5B4F95C1B33797D000265DA /* Release */,
			);
			defaultConfigurationIsVisible = 0;
			defaultConfigurationName = Release;
		};
		C5B4F95D1B33797D000265DA /* Build configuration list for PBXNativeTarget "SampleAppTests" */ = {
			isa = XCConfigurationList;
			buildConfigurations = (
				C5B4F95E1B33797D000265DA /* Debug */,
				C5B4F95F1B33797D000265DA /* Release */,
			);
			defaultConfigurationIsVisible = 0;
			defaultConfigurationName = Release;
		};
/* End XCConfigurationList section */
	};
	rootObject = C5B4F9331B33797D000265DA /* Project object */;
}
